// !$*UTF8*$!
{
	archiveVersion = 1;
	classes = {
	};
	objectVersion = 46;
	objects = {

/* Begin PBXBuildFile section */
		97BBBF8B1CC77A140069707D /* AppDelegate.swift in Sources */ = {isa = PBXBuildFile; fileRef = 97BBBF8A1CC77A140069707D /* AppDelegate.swift */; };
		97BBBF8D1CC77A140069707D /* ViewController.swift in Sources */ = {isa = PBXBuildFile; fileRef = 97BBBF8C1CC77A140069707D /* ViewController.swift */; };
		97BBBF901CC77A140069707D /* Main.storyboard in Resources */ = {isa = PBXBuildFile; fileRef = 97BBBF8E1CC77A140069707D /* Main.storyboard */; };
		97BBBF921CC77A150069707D /* Assets.xcassets in Resources */ = {isa = PBXBuildFile; fileRef = 97BBBF911CC77A150069707D /* Assets.xcassets */; };
		97BBBF951CC77A150069707D /* LaunchScreen.storyboard in Resources */ = {isa = PBXBuildFile; fileRef = 97BBBF931CC77A150069707D /* LaunchScreen.storyboard */; };
		97BBBF9D1CC77FAE0069707D /* LotteryTicket.swift in Sources */ = {isa = PBXBuildFile; fileRef = 97BBBF9C1CC77FAE0069707D /* LotteryTicket.swift */; };
/* End PBXBuildFile section */

/* Begin PBXFileReference section */
		97BBBF871CC77A140069707D /* Jackpot.app */ = {isa = PBXFileReference; explicitFileType = wrapper.application; includeInIndex = 0; path = Jackpot.app; sourceTree = BUILT_PRODUCTS_DIR; };
		97BBBF8A1CC77A140069707D /* AppDelegate.swift */ = {isa = PBXFileReference; lastKnownFileType = sourcecode.swift; path = AppDelegate.swift; sourceTree = "<group>"; };
		97BBBF8C1CC77A140069707D /* ViewController.swift */ = {isa = PBXFileReference; lastKnownFileType = sourcecode.swift; path = ViewController.swift; sourceTree = "<group>"; };
		97BBBF8F1CC77A140069707D /* Base */ = {isa = PBXFileReference; lastKnownFileType = file.storyboard; name = Base; path = Base.lproj/Main.storyboard; sourceTree = "<group>"; };
		97BBBF911CC77A150069707D /* Assets.xcassets */ = {isa = PBXFileReference; lastKnownFileType = folder.assetcatalog; path = Assets.xcassets; sourceTree = "<group>"; };
		97BBBF941CC77A150069707D /* Base */ = {isa = PBXFileReference; lastKnownFileType = file.storyboard; name = Base; path = Base.lproj/LaunchScreen.storyboard; sourceTree = "<group>"; };
		97BBBF961CC77A150069707D /* Info.plist */ = {isa = PBXFileReference; lastKnownFileType = text.plist.xml; path = Info.plist; sourceTree = "<group>"; };
		97BBBF9C1CC77FAE0069707D /* LotteryTicket.swift */ = {isa = PBXFileReference; fileEncoding = 4; lastKnownFileType = sourcecode.swift; path = LotteryTicket.swift; sourceTree = "<group>"; };
/* End PBXFileReference section */

/* Begin PBXFrameworksBuildPhase section */
		97BBBF841CC77A140069707D /* Frameworks */ = {
			isa = PBXFrameworksBuildPhase;
			buildActionMask = 2147483647;
			files = (
			);
			runOnlyForDeploymentPostprocessing = 0;
		};
/* End PBXFrameworksBuildPhase section */

/* Begin PBXGroup section */
		97BBBF7E1CC77A140069707D = {
			isa = PBXGroup;
			children = (
				97BBBF891CC77A140069707D /* Jackpot */,
				97BBBF881CC77A140069707D /* Products */,
			);
			sourceTree = "<group>";
		};
		97BBBF881CC77A140069707D /* Products */ = {
			isa = PBXGroup;
			children = (
				97BBBF871CC77A140069707D /* Jackpot.app */,
			);
			name = Products;
			sourceTree = "<group>";
		};
		97BBBF891CC77A140069707D /* Jackpot */ = {
			isa = PBXGroup;
			children = (
				97BBBF8A1CC77A140069707D /* AppDelegate.swift */,
				97BBBF8C1CC77A140069707D /* ViewController.swift */,
				97BBBF8E1CC77A140069707D /* Main.storyboard */,
				97BBBF9C1CC77FAE0069707D /* LotteryTicket.swift */,
				97BBBF911CC77A150069707D /* Assets.xcassets */,
				97BBBF931CC77A150069707D /* LaunchScreen.storyboard */,
				97BBBF961CC77A150069707D /* Info.plist */,
			);
			path = Jackpot;
			sourceTree = "<group>";
		};
/* End PBXGroup section */

/* Begin PBXNativeTarget section */
		97BBBF861CC77A140069707D /* Jackpot */ = {
			isa = PBXNativeTarget;
			buildConfigurationList = 97BBBF991CC77A150069707D /* Build configuration list for PBXNativeTarget "Jackpot" */;
			buildPhases = (
				97BBBF831CC77A140069707D /* Sources */,
				97BBBF841CC77A140069707D /* Frameworks */,
				97BBBF851CC77A140069707D /* Resources */,
			);
			buildRules = (
			);
			dependencies = (
			);
			name = Jackpot;
			productName = Jackpot;
			productReference = 97BBBF871CC77A140069707D /* Jackpot.app */;
			productType = "com.apple.product-type.application";
		};
/* End PBXNativeTarget section */

/* Begin PBXProject section */
		97BBBF7F1CC77A140069707D /* Project object */ = {
			isa = PBXProject;
			attributes = {
				LastSwiftUpdateCheck = 0720;
				LastUpgradeCheck = 0720;
				ORGANIZATIONNAME = "Belén Molina del Campo";
				TargetAttributes = {
					97BBBF861CC77A140069707D = {
						CreatedOnToolsVersion = 7.2.1;
					};
				};
			};
			buildConfigurationList = 97BBBF821CC77A140069707D /* Build configuration list for PBXProject "Jackpot" */;
			compatibilityVersion = "Xcode 3.2";
			developmentRegion = English;
			hasScannedForEncodings = 0;
			knownRegions = (
				en,
				Base,
			);
			mainGroup = 97BBBF7E1CC77A140069707D;
			productRefGroup = 97BBBF881CC77A140069707D /* Products */;
			projectDirPath = "";
			projectRoot = "";
			targets = (
				97BBBF861CC77A140069707D /* Jackpot */,
			);
		};
/* End PBXProject section */

/* Begin PBXResourcesBuildPhase section */
		97BBBF851CC77A140069707D /* Resources */ = {
			isa = PBXResourcesBuildPhase;
			buildActionMask = 2147483647;
			files = (
				97BBBF951CC77A150069707D /* LaunchScreen.storyboard in Resources */,
				97BBBF921CC77A150069707D /* Assets.xcassets in Resources */,
				97BBBF901CC77A140069707D /* Main.storyboard in Resources */,
			);
			runOnlyForDeploymentPostprocessing = 0;
		};
/* End PBXResourcesBuildPhase section */

/* Begin PBXSourcesBuildPhase section */
		97BBBF831CC77A140069707D /* Sources */ = {
			isa = PBXSourcesBuildPhase;
			buildActionMask = 2147483647;
			files = (
				97BBBF9D1CC77FAE0069707D /* LotteryTicket.swift in Sources */,
				97BBBF8D1CC77A140069707D /* ViewController.swift in Sources */,
				97BBBF8B1CC77A140069707D /* AppDelegate.swift in Sources */,
			);
			runOnlyForDeploymentPostprocessing = 0;
		};
/* End PBXSourcesBuildPhase section */

/* Begin PBXVariantGroup section */
		97BBBF8E1CC77A140069707D /* Main.storyboard */ = {
			isa = PBXVariantGroup;
			children = (
				97BBBF8F1CC77A140069707D /* Base */,
			);
			name = Main.storyboard;
			sourceTree = "<group>";
		};
		97BBBF931CC77A150069707D /* LaunchScreen.storyboard */ = {
			isa = PBXVariantGroup;
			children = (
				97BBBF941CC77A150069707D /* Base */,
			);
			name = LaunchScreen.storyboard;
			sourceTree = "<group>";
		};
/* End PBXVariantGroup section */

/* Begin XCBuildConfiguration section */
		97BBBF971CC77A150069707D /* Debug */ = {
			isa = XCBuildConfiguration;
			buildSettings = {
				ALWAYS_SEARCH_USER_PATHS = NO;
				CLANG_CXX_LANGUAGE_STANDARD = "gnu++0x";
				CLANG_CXX_LIBRARY = "libc++";
				CLANG_ENABLE_MODULES = YES;
				CLANG_ENABLE_OBJC_ARC = YES;
				CLANG_WARN_BOOL_CONVERSION = YES;
				CLANG_WARN_CONSTANT_CONVERSION = YES;
				CLANG_WARN_DIRECT_OBJC_ISA_USAGE = YES_ERROR;
				CLANG_WARN_EMPTY_BODY = YES;
				CLANG_WARN_ENUM_CONVERSION = YES;
				CLANG_WARN_INT_CONVERSION = YES;
				CLANG_WARN_OBJC_ROOT_CLASS = YES_ERROR;
				CLANG_WARN_UNREACHABLE_CODE = YES;
				CLANG_WARN__DUPLICATE_METHOD_MATCH = YES;
				"CODE_SIGN_IDENTITY[sdk=iphoneos*]" = "iPhone Developer";
				COPY_PHASE_STRIP = NO;
				DEBUG_INFORMATION_FORMAT = dwarf;
				ENABLE_STRICT_OBJC_MSGSEND = YES;
				ENABLE_TESTABILITY = YES;
				GCC_C_LANGUAGE_STANDARD = gnu99;
				GCC_DYNAMIC_NO_PIC = NO;
				GCC_NO_COMMON_BLOCKS = YES;
				GCC_OPTIMIZATION_LEVEL = 0;
				GCC_PREPROCESSOR_DEFINITIONS = (
					"DEBUG=1",
					"$(inherited)",
				);
				GCC_WARN_64_TO_32_BIT_CONVERSION = YES;
				GCC_WARN_ABOUT_RETURN_TYPE = YES_ERROR;
				GCC_WARN_UNDECLARED_SELECTOR = YES;
				GCC_WARN_UNINITIALIZED_AUTOS = YES_AGGRESSIVE;
				GCC_WARN_UNUSED_FUNCTION = YES;
				GCC_WARN_UNUSED_VARIABLE = YES;
				IPHONEOS_DEPLOYMENT_TARGET = 9.2;
				MTL_ENABLE_DEBUG_INFO = YES;
				ONLY_ACTIVE_ARCH = YES;
				SDKROOT = iphoneos;
				SWIFT_OPTIMIZATION_LEVEL = "-Onone";
			};
			name = Debug;
		};
		97BBBF981CC77A150069707D /* Release */ = {
			isa = XCBuildConfiguration;
			buildSettings = {
				ALWAYS_SEARCH_USER_PATHS = NO;
				CLANG_CXX_LANGUAGE_STANDARD = "gnu++0x";
				CLANG_CXX_LIBRARY = "libc++";
				CLANG_ENABLE_MODULES = YES;
				CLANG_ENABLE_OBJC_ARC = YES;
				CLANG_WARN_BOOL_CONVERSION = YES;
				CLANG_WARN_CONSTANT_CONVERSION = YES;
				CLANG_WARN_DIRECT_OBJC_ISA_USAGE = YES_ERROR;
				CLANG_WARN_EMPTY_BODY = YES;
				CLANG_WARN_ENUM_CONVERSION = YES;
				CLANG_WARN_INT_CONVERSION = YES;
				CLANG_WARN_OBJC_ROOT_CLASS = YES_ERROR;
				CLANG_WARN_UNREACHABLE_CODE = YES;
				CLANG_WARN__DUPLICATE_METHOD_MATCH = YES;
				"CODE_SIGN_IDENTITY[sdk=iphoneos*]" = "iPhone Developer";
				COPY_PHASE_STRIP = NO;
				DEBUG_INFORMATION_FORMAT = "dwarf-with-dsym";
				ENABLE_NS_ASSERTIONS = NO;
				ENABLE_STRICT_OBJC_MSGSEND = YES;
				GCC_C_LANGUAGE_STANDARD = gnu99;
				GCC_NO_COMMON_BLOCKS = YES;
				GCC_WARN_64_TO_32_BIT_CONVERSION = YES;
				GCC_WARN_ABOUT_RETURN_TYPE = YES_ERROR;
				GCC_WARN_UNDECLARED_SELECTOR = YES;
				GCC_WARN_UNINITIALIZED_AUTOS = YES_AGGRESSIVE;
				GCC_WARN_UNUSED_FUNCTION = YES;
				GCC_WARN_UNUSED_VARIABLE = YES;
				IPHONEOS_DEPLOYMENT_TARGET = 9.2;
				MTL_ENABLE_DEBUG_INFO = NO;
				SDKROOT = iphoneos;
				VALIDATE_PRODUCT = YES;
			};
			name = Release;
		};
		97BBBF9A1CC77A150069707D /* Debug */ = {
			isa = XCBuildConfiguration;
			buildSettings = {
				ASSETCATALOG_COMPILER_APPICON_NAME = AppIcon;
				INFOPLIST_FILE = Jackpot/Info.plist;
				LD_RUNPATH_SEARCH_PATHS = "$(inherited) @executable_path/Frameworks";
				PRODUCT_BUNDLE_IDENTIFIER = com.bmc.Jackpot;
				PRODUCT_NAME = "$(TARGET_NAME)";
			};
			name = Debug;
		};
		97BBBF9B1CC77A150069707D /* Release */ = {
			isa = XCBuildConfiguration;
			buildSettings = {
				ASSETCATALOG_COMPILER_APPICON_NAME = AppIcon;
				INFOPLIST_FILE = Jackpot/Info.plist;
				LD_RUNPATH_SEARCH_PATHS = "$(inherited) @executable_path/Frameworks";
				PRODUCT_BUNDLE_IDENTIFIER = com.bmc.Jackpot;
				PRODUCT_NAME = "$(TARGET_NAME)";
			};
			name = Release;
		};
/* End XCBuildConfiguration section */

/* Begin XCConfigurationList section */
		97BBBF821CC77A140069707D /* Build configuration list for PBXProject "Jackpot" */ = {
			isa = XCConfigurationList;
			buildConfigurations = (
				97BBBF971CC77A150069707D /* Debug */,
				97BBBF981CC77A150069707D /* Release */,
			);
			defaultConfigurationIsVisible = 0;
			defaultConfigurationName = Release;
		};
		97BBBF991CC77A150069707D /* Build configuration list for PBXNativeTarget "Jackpot" */ = {
			isa = XCConfigurationList;
			buildConfigurations = (
				97BBBF9A1CC77A150069707D /* Debug */,
				97BBBF9B1CC77A150069707D /* Release */,
			);
			defaultConfigurationIsVisible = 0;
		};
/* End XCConfigurationList section */
	};
	rootObject = 97BBBF7F1CC77A140069707D /* Project object */;
}
